{
  "name": "workspace",
  "lockfileVersion": 3,
  "requires": true,
  "packages": {
    "": {
      "dependencies": {
        "resend": "^6.0.1"
      }
    },
    "node_modules/resend": {
      "version": "6.0.1",
      "resolved": "https://registry.npmjs.org/resend/-/resend-6.0.1.tgz",
      "integrity": "sha512-xNZ0gKAOqQcH83lXsqNOwBbpKROnsZpQr9mXRdG6hrHTF9G9Il2pkoTRtq7rJzXMvCZX+I79oahsbSeaYOWRFA==",
      "license": "MIT",
      "engines": {
        "node": ">=18"
      },
      "peerDependencies": {
        "@react-email/render": "^1.1.0"
      },
      "peerDependenciesMeta": {
        "@react-email/render": {
          "optional": true
        }
      }
    }
  }
}
